
Microsoft Visual Studio Solution File, Format Version 12.00
# Visual Studio Version 16
VisualStudioVersion = 16.0.28803.156
MinimumVisualStudioVersion = 10.0.40219.1
Project("{9A19103F-16F7-4668-BE54-9A1E7A4F7556}") = "ArcLibrary", "ArcLibrary\ArcLibrary.csproj", "{8AEE6410-334D-44CB-A0DF-C46695739089}"
EndProject
Project("{9A19103F-16F7-4668-BE54-9A1E7A4F7556}") = "SocialLibrary", "ProfileLibrary\SocialLibrary.csproj", "{55550B6B-6170-4DF6-9895-D586E22AB6A7}"
EndProject
Project("{9A19103F-16F7-4668-BE54-9A1E7A4F7556}") = "FitLibrary", "FitLibrary\FitLibrary.csproj", "{BF6CDA57-174F-4960-B5BE-870485718D27}"
EndProject
Project("{9A19103F-16F7-4668-BE54-9A1E7A4F7556}") = "SwoldierCore", "SwoldierCore\SwoldierCore.csproj", "{A9561626-24DD-4E03-8EF4-EFA08F17A86B}"
EndProject
Project("{FAE04EC0-301F-11D3-BF4B-00C04F79EFBC}") = "SwoldierTest", "SwoldierTest\SwoldierTest.csproj", "{182DD4E2-26B8-40B8-960A-0EADCE959BF8}"
EndProject
Global
	GlobalSection(SolutionConfigurationPlatforms) = preSolution
		Debug|Any CPU = Debug|Any CPU
		Release|Any CPU = Release|Any CPU
	EndGlobalSection
	GlobalSection(ProjectConfigurationPlatforms) = postSolution
		{8AEE6410-334D-44CB-A0DF-C46695739089}.Debug|Any CPU.ActiveCfg = Debug|Any CPU
		{8AEE6410-334D-44CB-A0DF-C46695739089}.Debug|Any CPU.Build.0 = Debug|Any CPU
		{8AEE6410-334D-44CB-A0DF-C46695739089}.Release|Any CPU.ActiveCfg = Release|Any CPU
		{8AEE6410-334D-44CB-A0DF-C46695739089}.Release|Any CPU.Build.0 = Release|Any CPU
		{55550B6B-6170-4DF6-9895-D586E22AB6A7}.Debug|Any CPU.ActiveCfg = Debug|Any CPU
		{55550B6B-6170-4DF6-9895-D586E22AB6A7}.Debug|Any CPU.Build.0 = Debug|Any CPU
		{55550B6B-6170-4DF6-9895-D586E22AB6A7}.Release|Any CPU.ActiveCfg = Release|Any CPU
		{55550B6B-6170-4DF6-9895-D586E22AB6A7}.Release|Any CPU.Build.0 = Release|Any CPU
		{BF6CDA57-174F-4960-B5BE-870485718D27}.Debug|Any CPU.ActiveCfg = Debug|Any CPU
		{BF6CDA57-174F-4960-B5BE-870485718D27}.Debug|Any CPU.Build.0 = Debug|Any CPU
		{BF6CDA57-174F-4960-B5BE-870485718D27}.Release|Any CPU.ActiveCfg = Release|Any CPU
		{BF6CDA57-174F-4960-B5BE-870485718D27}.Release|Any CPU.Build.0 = Release|Any CPU
		{A9561626-24DD-4E03-8EF4-EFA08F17A86B}.Debug|Any CPU.ActiveCfg = Debug|Any CPU
		{A9561626-24DD-4E03-8EF4-EFA08F17A86B}.Debug|Any CPU.Build.0 = Debug|Any CPU
		{A9561626-24DD-4E03-8EF4-EFA08F17A86B}.Release|Any CPU.ActiveCfg = Release|Any CPU
		{A9561626-24DD-4E03-8EF4-EFA08F17A86B}.Release|Any CPU.Build.0 = Release|Any CPU
		{182DD4E2-26B8-40B8-960A-0EADCE959BF8}.Debug|Any CPU.ActiveCfg = Debug|Any CPU
		{182DD4E2-26B8-40B8-960A-0EADCE959BF8}.Debug|Any CPU.Build.0 = Debug|Any CPU
		{182DD4E2-26B8-40B8-960A-0EADCE959BF8}.Release|Any CPU.ActiveCfg = Release|Any CPU
		{182DD4E2-26B8-40B8-960A-0EADCE959BF8}.Release|Any CPU.Build.0 = Release|Any CPU
	EndGlobalSection
	GlobalSection(SolutionProperties) = preSolution
		HideSolutionNode = FALSE
	EndGlobalSection
	GlobalSection(ExtensibilityGlobals) = postSolution
		SolutionGuid = {71620FBF-C2A1-4E7A-9E65-9B3DA68B7313}
	EndGlobalSection
EndGlobal
