
Microsoft Visual Studio Solution File, Format Version 12.00
# Visual Studio Version 16
VisualStudioVersion = 16.0.28803.156
MinimumVisualStudioVersion = 10.0.40219.1
Project("{9A19103F-16F7-4668-BE54-9A1E7A4F7556}") = "OCFX", "OCFX\OCFX.csproj", "{A47D5FC9-E043-409B-989C-BCA946610931}"
EndProject
Project("{9A19103F-16F7-4668-BE54-9A1E7A4F7556}") = "OCFX_Library", "OCFX_Library\OCFX_Library.csproj", "{9B87B948-CAAF-48CB-BF7E-0B1444B9E39E}"
EndProject
Project("{9A19103F-16F7-4668-BE54-9A1E7A4F7556}") = "OCFX_Test", "OCFX Test\OCFX_Test.csproj", "{9B13462A-F491-47D3-BC63-5EA9691F0BB4}"
EndProject
Project("{FAE04EC0-301F-11D3-BF4B-00C04F79EFBC}") = "OCFX-SPA", "OCFX-SPA\OCFX-SPA.csproj", "{BCBF654A-18FB-48DC-83BA-A6129ECC2424}"
EndProject
Global
	GlobalSection(SolutionConfigurationPlatforms) = preSolution
		Debug|Any CPU = Debug|Any CPU
		Release|Any CPU = Release|Any CPU
	EndGlobalSection
	GlobalSection(ProjectConfigurationPlatforms) = postSolution
		{A47D5FC9-E043-409B-989C-BCA946610931}.Debug|Any CPU.ActiveCfg = Debug|Any CPU
		{A47D5FC9-E043-409B-989C-BCA946610931}.Debug|Any CPU.Build.0 = Debug|Any CPU
		{A47D5FC9-E043-409B-989C-BCA946610931}.Release|Any CPU.ActiveCfg = Release|Any CPU
		{A47D5FC9-E043-409B-989C-BCA946610931}.Release|Any CPU.Build.0 = Release|Any CPU
		{9B87B948-CAAF-48CB-BF7E-0B1444B9E39E}.Debug|Any CPU.ActiveCfg = Debug|Any CPU
		{9B87B948-CAAF-48CB-BF7E-0B1444B9E39E}.Debug|Any CPU.Build.0 = Debug|Any CPU
		{9B87B948-CAAF-48CB-BF7E-0B1444B9E39E}.Release|Any CPU.ActiveCfg = Release|Any CPU
		{9B87B948-CAAF-48CB-BF7E-0B1444B9E39E}.Release|Any CPU.Build.0 = Release|Any CPU
		{9B13462A-F491-47D3-BC63-5EA9691F0BB4}.Debug|Any CPU.ActiveCfg = Debug|Any CPU
		{9B13462A-F491-47D3-BC63-5EA9691F0BB4}.Debug|Any CPU.Build.0 = Debug|Any CPU
		{9B13462A-F491-47D3-BC63-5EA9691F0BB4}.Release|Any CPU.ActiveCfg = Release|Any CPU
		{9B13462A-F491-47D3-BC63-5EA9691F0BB4}.Release|Any CPU.Build.0 = Release|Any CPU
		{BCBF654A-18FB-48DC-83BA-A6129ECC2424}.Debug|Any CPU.ActiveCfg = Debug|Any CPU
		{BCBF654A-18FB-48DC-83BA-A6129ECC2424}.Debug|Any CPU.Build.0 = Debug|Any CPU
		{BCBF654A-18FB-48DC-83BA-A6129ECC2424}.Release|Any CPU.ActiveCfg = Release|Any CPU
		{BCBF654A-18FB-48DC-83BA-A6129ECC2424}.Release|Any CPU.Build.0 = Release|Any CPU
	EndGlobalSection
	GlobalSection(SolutionProperties) = preSolution
		HideSolutionNode = FALSE
	EndGlobalSection
	GlobalSection(ExtensibilityGlobals) = postSolution
		SolutionGuid = {71620FBF-C2A1-4E7A-9E65-9B3DA68B7313}
	EndGlobalSection
EndGlobal
